{
	"name": "blueconfig",
	"version": "6.2.0",
	"lockfileVersion": 1,
	"requires": true,
	"dependencies": {
		"camelcase": {
			"version": "5.3.1",
			"resolved": "https://registry.npmjs.org/camelcase/-/camelcase-5.3.1.tgz",
			"integrity": "sha512-L28STB170nwWS63UjtlEOE3dldQApaJXZkOI1uMFfzf3rRuPegHaHesyee+YxQ+W6SvRDQV6UrdOdRiR153wJg=="
		},
		"decamelize": {
			"version": "1.2.0",
			"resolved": "https://registry.npmjs.org/decamelize/-/decamelize-1.2.0.tgz",
			"integrity": "sha1-9lNNFRSCabIDUue+4m9QH5oZEpA="
		},
		"lodash.clonedeep": {
			"version": "4.5.0",
			"resolved": "https://registry.npmjs.org/lodash.clonedeep/-/lodash.clonedeep-4.5.0.tgz",
			"integrity": "sha1-4j8/nE+Pvd6HJSnBBxhXoIblzO8="
		},
		"objectpath": {
			"version": "2.0.0",
			"resolved": "https://registry.npmjs.org/objectpath/-/objectpath-2.0.0.tgz",
			"integrity": "sha512-IWH9JOBUJz4HHBtXm1qqwoPiDAB8Qp+ZBE4PpXsOlXVEnxGa+fAgfAZFwN6L1cUYvzPpFeJ1HsY1WAhoOqQq7Q=="
		},
		"yargs-parser": {
			"version": "13.0.0",
			"resolved": "https://registry.npmjs.org/yargs-parser/-/yargs-parser-13.0.0.tgz",
			"integrity": "sha512-w2LXjoL8oRdRQN+hOyppuXs+V/fVAYtpcrRxZuF7Kt/Oc+Jr2uAcVntaUTNT6w5ihoWfFDpNY8CPx1QskxZ/pw==",
			"requires": {
				"camelcase": "^5.0.0",
				"decamelize": "^1.2.0"
			}
		}
	}
}
